github.com/davecgh/go-spew v1.1.1 h1:vj9j/u1bqnvCEfJOwUhtlOARqs3+rkHYY13jYWTU97c=
github.com/davecgh/go-spew v1.1.1/go.mod h1:J7Y8YcW2NihsgmVo/mv3lAwl/skON4iLHjSsI+c5H38=
github.com/garyburd/redigo v1.6.2/go.mod h1:NR3MbYisc3/PwhQ00EMzDiPmrwpPxAn5GI05/YaO1SY=
github.com/pmezard/go-difflib v1.0.0 h1:4DBwDE0NGyQoBHbLQYPwSUPoCMWR5BEzIk/f1lZbAQM=
github.com/pmezard/go-difflib v1.0.0/go.mod h1:iKH77koFhYxTK1pcRnkKkqfTogsbg7gZNVY4sRDYZ/4=
github.com/sirupsen/logrus v1.7.0 h1:ShrD1U9pZB12TX0cVy0DtePoCH97K8EtX+mg7ZARUtM=
github.com/sirupsen/logrus v1.7.0/go.mod h1:yWOB1SBYBC5VeMP7gHvWumXLIWorT60ONWic61uBYv0=
github.com/stretchr/testify v1.2.2 h1:bSDNvY7ZPG5RlJ8otE/7V6gMiyenm9RtJ7IUVIAoJ1w=
github.com/stretchr/testify v1.2.2/go.mod h1:a8OnRcib4nhh0OaRAV+Yts87kKdq0PP7pXfy6kDkUVs=
github.com/vbatts/go-bt v0.0.0-20160707145550-c9343672f0c1/go.mod h1:VdhcOjk5UXRZEXojUaBJC99it6e59dzcvOLNlow61nc=
gitlab.com/clemens97/scionbttracker v0.0.0-20160805174527-d54763ad6ba1 h1:V2patiNRVygqH/uy6++w+7b+ju9EVZYuAnPjJIjYMAM=
gitlab.com/clemens97/scionbttracker v0.0.0-20160805174527-d54763ad6ba1/go.mod h1:4UJZG1827bVejYIPLnlNVFuOW0A66uG1rrtN5gGEStY=
gitlab.com/clemens97/scionbttracker v0.0.0-20201227191246-eb195c0cda0b h1:e2oYMS3A330vOVmyWYScPrYLpmvoiwxF24CCBXZbqmo=
gitlab.com/clemens97/scionbttracker/peer v0.0.0-20201227190229-70a36832fe68/go.mod h1:zJZ3VJQr68mWXayY17XmJN4NeW323w3liSSqhpzomXE=
gitlab.com/clemens97/scionbttracker/registry v0.0.0-20201227190229-70a36832fe68/go.mod h1:Y0Zw4iI0WPskflikmlwKb6AxGoVSci3xVAru+R5nQp8=
gitlab.com/clemens97/scionbttracker/registry v0.0.0-20201227191246-eb195c0cda0b h1:DgcTDF3tNxUfrX72fd0to/M7TQ02bS1uMCBHTbIRNP8=
gitlab.com/clemens97/scionbttracker/registry v0.0.0-20201227191246-eb195c0cda0b/go.mod h1:Y0Zw4iI0WPskflikmlwKb6AxGoVSci3xVAru+R5nQp8=
gitlab.com/clemens97/scionbttracker/registry/inmem v0.0.0-20201227191246-eb195c0cda0b h1:rRS+xS6rhBkHsf2XSHNCoGY0ahO5VKUlebEkELZyubk=
gitlab.com/clemens97/scionbttracker/registry/inmem v0.0.0-20201227191246-eb195c0cda0b/go.mod h1:BXN7OSI6iArHXqdrrzExzKPQJjEfBjLO9X9Av13ew4I=
gitlab.com/clemens97/scionbttracker/registry/redis v0.0.0-20201227191246-eb195c0cda0b h1:W53s9A3007jBjwjRPF9NyGMgL1Q7Caku9e3D5rajUmM=
gitlab.com/clemens97/scionbttracker/registry/redis v0.0.0-20201227191246-eb195c0cda0b/go.mod h1:B2hBtD5YmBAiTzpT1+RsOwdXSQjNYn2OTr4B/d7X0s8=
gitlab.com/clemens97/scionbttracker/server v0.0.0-20201227191246-eb195c0cda0b h1:5rUIrU3SgYizqkj+vsaWeNYTlQn5DNSV/SFsFeuApNI=
gitlab.com/clemens97/scionbttracker/server v0.0.0-20201227191246-eb195c0cda0b/go.mod h1:RaZ68IoTnZ3VKZJmGuCPw3zu2lPb9RSlwZgettTXVi8=
golang.org/x/sys v0.0.0-20191026070338-33540a1f6037 h1:YyJpGZS1sBuBCzLAR1VEpK193GlqGZbnPFnPV/5Rsb4=
golang.org/x/sys v0.0.0-20191026070338-33540a1f6037/go.mod h1:h1NjWce9XRLGQEsW7wpKNCjG9DtNlClVuFLEZdDNbEs=
